// !$*UTF8*$!
{
	archiveVersion = 1;
	classes = {
	};
	objectVersion = 51;
	objects = {

/* Begin PBXBuildFile section */
		103D1968787D358E836C9299 /* Pods_GOOUT.framework in Frameworks */ = {isa = PBXBuildFile; fileRef = 184173D073AE8D44E55B428A /* Pods_GOOUT.framework */; };
		6AA3A56026D8B4FA00CA03F3 /* AppDelegate.swift in Sources */ = {isa = PBXBuildFile; fileRef = 6AA3A55F26D8B4FA00CA03F3 /* AppDelegate.swift */; };
		6AA3A56226D8B4FA00CA03F3 /* SceneDelegate.swift in Sources */ = {isa = PBXBuildFile; fileRef = 6AA3A56126D8B4FA00CA03F3 /* SceneDelegate.swift */; };
		6AA3A56426D8B4FA00CA03F3 /* InquiryByGradeViewController.swift in Sources */ = {isa = PBXBuildFile; fileRef = 6AA3A56326D8B4FA00CA03F3 /* InquiryByGradeViewController.swift */; };
		6AA3A56926D8B4FC00CA03F3 /* Assets.xcassets in Resources */ = {isa = PBXBuildFile; fileRef = 6AA3A56826D8B4FC00CA03F3 /* Assets.xcassets */; };
		6AA3A56C26D8B4FC00CA03F3 /* LaunchScreen.storyboard in Resources */ = {isa = PBXBuildFile; fileRef = 6AA3A56A26D8B4FC00CA03F3 /* LaunchScreen.storyboard */; };
		6AA3A57926DA509700CA03F3 /* Extension.swift in Sources */ = {isa = PBXBuildFile; fileRef = 6AA3A57826DA509700CA03F3 /* Extension.swift */; };
		6AB0369726DC58A100D1F80E /* MainTabBarView.swift in Sources */ = {isa = PBXBuildFile; fileRef = 6AB0369626DC58A100D1F80E /* MainTabBarView.swift */; };
		6AB0369926DC9C5200D1F80E /* MyClassInquiryViewController.swift in Sources */ = {isa = PBXBuildFile; fileRef = 6AB0369826DC9C5200D1F80E /* MyClassInquiryViewController.swift */; };
		6AB0369B26DCBB2700D1F80E /* AddViewController.swift in Sources */ = {isa = PBXBuildFile; fileRef = 6AB0369A26DCBB2700D1F80E /* AddViewController.swift */; };
		6AB0369D26DCCF1600D1F80E /* FugazOne-Regular.ttf in Resources */ = {isa = PBXBuildFile; fileRef = 6AB0369C26DCCF1200D1F80E /* FugazOne-Regular.ttf */; };
		B84CEB1926E8FC200074A1F6 /* InformationViewController.swift in Sources */ = {isa = PBXBuildFile; fileRef = B84CEB1826E8FC200074A1F6 /* InformationViewController.swift */; };
		B871B6DA26F0DC7E003E9775 /* numberCellView.swift in Sources */ = {isa = PBXBuildFile; fileRef = B871B6D926F0DC7E003E9775 /* numberCellView.swift */; };
/* End PBXBuildFile section */

/* Begin PBXFileReference section */
		184173D073AE8D44E55B428A /* Pods_GOOUT.framework */ = {isa = PBXFileReference; explicitFileType = wrapper.framework; includeInIndex = 0; path = Pods_GOOUT.framework; sourceTree = BUILT_PRODUCTS_DIR; };
		497700A6940CC66917DA3AE0 /* Pods-GOOUT.debug.xcconfig */ = {isa = PBXFileReference; includeInIndex = 1; lastKnownFileType = text.xcconfig; name = "Pods-GOOUT.debug.xcconfig"; path = "Target Support Files/Pods-GOOUT/Pods-GOOUT.debug.xcconfig"; sourceTree = "<group>"; };
		6AA3A55C26D8B4FA00CA03F3 /* GOOUT.app */ = {isa = PBXFileReference; explicitFileType = wrapper.application; includeInIndex = 0; path = GOOUT.app; sourceTree = BUILT_PRODUCTS_DIR; };
		6AA3A55F26D8B4FA00CA03F3 /* AppDelegate.swift */ = {isa = PBXFileReference; lastKnownFileType = sourcecode.swift; path = AppDelegate.swift; sourceTree = "<group>"; };
		6AA3A56126D8B4FA00CA03F3 /* SceneDelegate.swift */ = {isa = PBXFileReference; lastKnownFileType = sourcecode.swift; path = SceneDelegate.swift; sourceTree = "<group>"; };
		6AA3A56326D8B4FA00CA03F3 /* InquiryByGradeViewController.swift */ = {isa = PBXFileReference; lastKnownFileType = sourcecode.swift; path = InquiryByGradeViewController.swift; sourceTree = "<group>"; };
		6AA3A56826D8B4FC00CA03F3 /* Assets.xcassets */ = {isa = PBXFileReference; lastKnownFileType = folder.assetcatalog; path = Assets.xcassets; sourceTree = "<group>"; };
		6AA3A56B26D8B4FC00CA03F3 /* Base */ = {isa = PBXFileReference; lastKnownFileType = file.storyboard; name = Base; path = Base.lproj/LaunchScreen.storyboard; sourceTree = "<group>"; };
		6AA3A56D26D8B4FC00CA03F3 /* Info.plist */ = {isa = PBXFileReference; lastKnownFileType = text.plist.xml; path = Info.plist; sourceTree = "<group>"; };
		6AA3A57826DA509700CA03F3 /* Extension.swift */ = {isa = PBXFileReference; lastKnownFileType = sourcecode.swift; path = Extension.swift; sourceTree = "<group>"; };
		6AB0369626DC58A100D1F80E /* MainTabBarView.swift */ = {isa = PBXFileReference; lastKnownFileType = sourcecode.swift; path = MainTabBarView.swift; sourceTree = "<group>"; };
		6AB0369826DC9C5200D1F80E /* MyClassInquiryViewController.swift */ = {isa = PBXFileReference; lastKnownFileType = sourcecode.swift; path = MyClassInquiryViewController.swift; sourceTree = "<group>"; };
		6AB0369A26DCBB2700D1F80E /* AddViewController.swift */ = {isa = PBXFileReference; lastKnownFileType = sourcecode.swift; path = AddViewController.swift; sourceTree = "<group>"; };
		6AB0369C26DCCF1200D1F80E /* FugazOne-Regular.ttf */ = {isa = PBXFileReference; lastKnownFileType = file; path = "FugazOne-Regular.ttf"; sourceTree = "<group>"; };
		B84CEB1826E8FC200074A1F6 /* InformationViewController.swift */ = {isa = PBXFileReference; lastKnownFileType = sourcecode.swift; path = InformationViewController.swift; sourceTree = "<group>"; };
		B871B6D926F0DC7E003E9775 /* numberCellView.swift */ = {isa = PBXFileReference; lastKnownFileType = sourcecode.swift; path = numberCellView.swift; sourceTree = "<group>"; };
		F2FFB1C4F6341B178C5D1896 /* Pods-GOOUT.release.xcconfig */ = {isa = PBXFileReference; includeInIndex = 1; lastKnownFileType = text.xcconfig; name = "Pods-GOOUT.release.xcconfig"; path = "Target Support Files/Pods-GOOUT/Pods-GOOUT.release.xcconfig"; sourceTree = "<group>"; };
/* End PBXFileReference section */

/* Begin PBXFrameworksBuildPhase section */
		6AA3A55926D8B4FA00CA03F3 /* Frameworks */ = {
			isa = PBXFrameworksBuildPhase;
			buildActionMask = 2147483647;
			files = (
				103D1968787D358E836C9299 /* Pods_GOOUT.framework in Frameworks */,
			);
			runOnlyForDeploymentPostprocessing = 0;
		};
/* End PBXFrameworksBuildPhase section */

/* Begin PBXGroup section */
		57FD4BA3334E400F607B9664 /* Pods */ = {
			isa = PBXGroup;
			children = (
				497700A6940CC66917DA3AE0 /* Pods-GOOUT.debug.xcconfig */,
				F2FFB1C4F6341B178C5D1896 /* Pods-GOOUT.release.xcconfig */,
			);
			path = Pods;
			sourceTree = "<group>";
		};
		66E7FB8B9E2373013B1AB734 /* Frameworks */ = {
			isa = PBXGroup;
			children = (
				184173D073AE8D44E55B428A /* Pods_GOOUT.framework */,
			);
			name = Frameworks;
			sourceTree = "<group>";
		};
		6AA3A55326D8B4FA00CA03F3 = {
			isa = PBXGroup;
			children = (
				6AA3A55E26D8B4FA00CA03F3 /* GOOUT */,
				6AA3A55D26D8B4FA00CA03F3 /* Products */,
				57FD4BA3334E400F607B9664 /* Pods */,
				66E7FB8B9E2373013B1AB734 /* Frameworks */,
			);
			sourceTree = "<group>";
		};
		6AA3A55D26D8B4FA00CA03F3 /* Products */ = {
			isa = PBXGroup;
			children = (
				6AA3A55C26D8B4FA00CA03F3 /* GOOUT.app */,
			);
			name = Products;
			sourceTree = "<group>";
		};
		6AA3A55E26D8B4FA00CA03F3 /* GOOUT */ = {
			isa = PBXGroup;
			children = (
				6AA3A57A26DA52D400CA03F3 /* Font */,
				6AA3A57626DA506A00CA03F3 /* Extension */,
				6AA3A57526DA4ED200CA03F3 /* Model */,
				6AA3A57426DA4ECE00CA03F3 /* View */,
				6AA3A57326DA4EC200CA03F3 /* Controller */,
				6AA3A55F26D8B4FA00CA03F3 /* AppDelegate.swift */,
				6AA3A56126D8B4FA00CA03F3 /* SceneDelegate.swift */,
				6AA3A56826D8B4FC00CA03F3 /* Assets.xcassets */,
				6AA3A56A26D8B4FC00CA03F3 /* LaunchScreen.storyboard */,
				6AA3A56D26D8B4FC00CA03F3 /* Info.plist */,
			);
			path = GOOUT;
			sourceTree = "<group>";
		};
		6AA3A57326DA4EC200CA03F3 /* Controller */ = {
			isa = PBXGroup;
			children = (
				6AA3A56326D8B4FA00CA03F3 /* InquiryByGradeViewController.swift */,
				6AB0369826DC9C5200D1F80E /* MyClassInquiryViewController.swift */,
				6AB0369A26DCBB2700D1F80E /* AddViewController.swift */,
				B84CEB1826E8FC200074A1F6 /* InformationViewController.swift */,
			);
			path = Controller;
			sourceTree = "<group>";
		};
		6AA3A57426DA4ECE00CA03F3 /* View */ = {
			isa = PBXGroup;
			children = (
				6AB0369626DC58A100D1F80E /* MainTabBarView.swift */,
				B871B6D926F0DC7E003E9775 /* numberCellView.swift */,
			);
			path = View;
			sourceTree = "<group>";
		};
		6AA3A57526DA4ED200CA03F3 /* Model */ = {
			isa = PBXGroup;
			children = (
			);
			path = Model;
			sourceTree = "<group>";
		};
		6AA3A57626DA506A00CA03F3 /* Extension */ = {
			isa = PBXGroup;
			children = (
				6AA3A57826DA509700CA03F3 /* Extension.swift */,
			);
			path = Extension;
			sourceTree = "<group>";
		};
		6AA3A57A26DA52D400CA03F3 /* Font */ = {
			isa = PBXGroup;
			children = (
				6AB0369C26DCCF1200D1F80E /* FugazOne-Regular.ttf */,
			);
			path = Font;
			sourceTree = "<group>";
		};
/* End PBXGroup section */

/* Begin PBXNativeTarget section */
		6AA3A55B26D8B4FA00CA03F3 /* GOOUT */ = {
			isa = PBXNativeTarget;
			buildConfigurationList = 6AA3A57026D8B4FC00CA03F3 /* Build configuration list for PBXNativeTarget "GOOUT" */;
			buildPhases = (
				9C696535F2C6CE86F71E311B /* [CP] Check Pods Manifest.lock */,
				6AA3A55826D8B4FA00CA03F3 /* Sources */,
				6AA3A55926D8B4FA00CA03F3 /* Frameworks */,
				6AA3A55A26D8B4FA00CA03F3 /* Resources */,
				B786A13DC2618E8B80A5E979 /* [CP] Embed Pods Frameworks */,
			);
			buildRules = (
			);
			dependencies = (
			);
			name = GOOUT;
			productName = GOOUT;
			productReference = 6AA3A55C26D8B4FA00CA03F3 /* GOOUT.app */;
			productType = "com.apple.product-type.application";
		};
/* End PBXNativeTarget section */

/* Begin PBXProject section */
		6AA3A55426D8B4FA00CA03F3 /* Project object */ = {
			isa = PBXProject;
			attributes = {
				LastSwiftUpdateCheck = 1250;
				LastUpgradeCheck = 1250;
				TargetAttributes = {
					6AA3A55B26D8B4FA00CA03F3 = {
						CreatedOnToolsVersion = 12.5.1;
					};
				};
			};
			buildConfigurationList = 6AA3A55726D8B4FA00CA03F3 /* Build configuration list for PBXProject "GOOUT" */;
			compatibilityVersion = "Xcode 9.3";
			developmentRegion = en;
			hasScannedForEncodings = 0;
			knownRegions = (
				en,
				Base,
			);
			mainGroup = 6AA3A55326D8B4FA00CA03F3;
			productRefGroup = 6AA3A55D26D8B4FA00CA03F3 /* Products */;
			projectDirPath = "";
			projectRoot = "";
			targets = (
				6AA3A55B26D8B4FA00CA03F3 /* GOOUT */,
			);
		};
/* End PBXProject section */

/* Begin PBXResourcesBuildPhase section */
		6AA3A55A26D8B4FA00CA03F3 /* Resources */ = {
			isa = PBXResourcesBuildPhase;
			buildActionMask = 2147483647;
			files = (
				6AB0369D26DCCF1600D1F80E /* FugazOne-Regular.ttf in Resources */,
				6AA3A56C26D8B4FC00CA03F3 /* LaunchScreen.storyboard in Resources */,
				6AA3A56926D8B4FC00CA03F3 /* Assets.xcassets in Resources */,
			);
			runOnlyForDeploymentPostprocessing = 0;
		};
/* End PBXResourcesBuildPhase section */

/* Begin PBXShellScriptBuildPhase section */
		9C696535F2C6CE86F71E311B /* [CP] Check Pods Manifest.lock */ = {
			isa = PBXShellScriptBuildPhase;
			buildActionMask = 2147483647;
			files = (
			);
			inputFileListPaths = (
			);
			inputPaths = (
				"${PODS_PODFILE_DIR_PATH}/Podfile.lock",
				"${PODS_ROOT}/Manifest.lock",
			);
			name = "[CP] Check Pods Manifest.lock";
			outputFileListPaths = (
			);
			outputPaths = (
				"$(DERIVED_FILE_DIR)/Pods-GOOUT-checkManifestLockResult.txt",
			);
			runOnlyForDeploymentPostprocessing = 0;
			shellPath = /bin/sh;
			shellScript = "diff \"${PODS_PODFILE_DIR_PATH}/Podfile.lock\" \"${PODS_ROOT}/Manifest.lock\" > /dev/null\nif [ $? != 0 ] ; then\n    # print error to STDERR\n    echo \"error: The sandbox is not in sync with the Podfile.lock. Run 'pod install' or update your CocoaPods installation.\" >&2\n    exit 1\nfi\n# This output is used by Xcode 'outputs' to avoid re-running this script phase.\necho \"SUCCESS\" > \"${SCRIPT_OUTPUT_FILE_0}\"\n";
			showEnvVarsInLog = 0;
		};
		B786A13DC2618E8B80A5E979 /* [CP] Embed Pods Frameworks */ = {
			isa = PBXShellScriptBuildPhase;
			buildActionMask = 2147483647;
			files = (
			);
			inputFileListPaths = (
				"${PODS_ROOT}/Target Support Files/Pods-GOOUT/Pods-GOOUT-frameworks-${CONFIGURATION}-input-files.xcfilelist",
			);
			name = "[CP] Embed Pods Frameworks";
			outputFileListPaths = (
				"${PODS_ROOT}/Target Support Files/Pods-GOOUT/Pods-GOOUT-frameworks-${CONFIGURATION}-output-files.xcfilelist",
			);
			runOnlyForDeploymentPostprocessing = 0;
			shellPath = /bin/sh;
			shellScript = "\"${PODS_ROOT}/Target Support Files/Pods-GOOUT/Pods-GOOUT-frameworks.sh\"\n";
			showEnvVarsInLog = 0;
		};
/* End PBXShellScriptBuildPhase section */

/* Begin PBXSourcesBuildPhase section */
		6AA3A55826D8B4FA00CA03F3 /* Sources */ = {
			isa = PBXSourcesBuildPhase;
			buildActionMask = 2147483647;
			files = (
				6AB0369726DC58A100D1F80E /* MainTabBarView.swift in Sources */,
				6AA3A56426D8B4FA00CA03F3 /* InquiryByGradeViewController.swift in Sources */,
				6AB0369B26DCBB2700D1F80E /* AddViewController.swift in Sources */,
				6AA3A56026D8B4FA00CA03F3 /* AppDelegate.swift in Sources */,
				6AB0369926DC9C5200D1F80E /* MyClassInquiryViewController.swift in Sources */,
				6AA3A56226D8B4FA00CA03F3 /* SceneDelegate.swift in Sources */,
				B871B6DA26F0DC7E003E9775 /* numberCellView.swift in Sources */,
				6AA3A57926DA509700CA03F3 /* Extension.swift in Sources */,
				B84CEB1926E8FC200074A1F6 /* InformationViewController.swift in Sources */,
			);
			runOnlyForDeploymentPostprocessing = 0;
		};
/* End PBXSourcesBuildPhase section */

/* Begin PBXVariantGroup section */
		6AA3A56A26D8B4FC00CA03F3 /* LaunchScreen.storyboard */ = {
			isa = PBXVariantGroup;
			children = (
				6AA3A56B26D8B4FC00CA03F3 /* Base */,
			);
			name = LaunchScreen.storyboard;
			sourceTree = "<group>";
		};
/* End PBXVariantGroup section */

/* Begin XCBuildConfiguration section */
		6AA3A56E26D8B4FC00CA03F3 /* Debug */ = {
			isa = XCBuildConfiguration;
			buildSettings = {
				ALWAYS_SEARCH_USER_PATHS = NO;
				CLANG_ANALYZER_NONNULL = YES;
				CLANG_ANALYZER_NUMBER_OBJECT_CONVERSION = YES_AGGRESSIVE;
				CLANG_CXX_LANGUAGE_STANDARD = "gnu++14";
				CLANG_CXX_LIBRARY = "libc++";
				CLANG_ENABLE_MODULES = YES;
				CLANG_ENABLE_OBJC_ARC = YES;
				CLANG_ENABLE_OBJC_WEAK = YES;
				CLANG_WARN_BLOCK_CAPTURE_AUTORELEASING = YES;
				CLANG_WARN_BOOL_CONVERSION = YES;
				CLANG_WARN_COMMA = YES;
				CLANG_WARN_CONSTANT_CONVERSION = YES;
				CLANG_WARN_DEPRECATED_OBJC_IMPLEMENTATIONS = YES;
				CLANG_WARN_DIRECT_OBJC_ISA_USAGE = YES_ERROR;
				CLANG_WARN_DOCUMENTATION_COMMENTS = YES;
				CLANG_WARN_EMPTY_BODY = YES;
				CLANG_WARN_ENUM_CONVERSION = YES;
				CLANG_WARN_INFINITE_RECURSION = YES;
				CLANG_WARN_INT_CONVERSION = YES;
				CLANG_WARN_NON_LITERAL_NULL_CONVERSION = YES;
				CLANG_WARN_OBJC_IMPLICIT_RETAIN_SELF = YES;
				CLANG_WARN_OBJC_LITERAL_CONVERSION = YES;
				CLANG_WARN_OBJC_ROOT_CLASS = YES_ERROR;
				CLANG_WARN_QUOTED_INCLUDE_IN_FRAMEWORK_HEADER = YES;
				CLANG_WARN_RANGE_LOOP_ANALYSIS = YES;
				CLANG_WARN_STRICT_PROTOTYPES = YES;
				CLANG_WARN_SUSPICIOUS_MOVE = YES;
				CLANG_WARN_UNGUARDED_AVAILABILITY = YES_AGGRESSIVE;
				CLANG_WARN_UNREACHABLE_CODE = YES;
				CLANG_WARN__DUPLICATE_METHOD_MATCH = YES;
				COPY_PHASE_STRIP = NO;
				DEBUG_INFORMATION_FORMAT = dwarf;
				ENABLE_STRICT_OBJC_MSGSEND = YES;
				ENABLE_TESTABILITY = YES;
				GCC_C_LANGUAGE_STANDARD = gnu11;
				GCC_DYNAMIC_NO_PIC = NO;
				GCC_NO_COMMON_BLOCKS = YES;
				GCC_OPTIMIZATION_LEVEL = 0;
				GCC_PREPROCESSOR_DEFINITIONS = (
					"DEBUG=1",
					"$(inherited)",
				);
				GCC_WARN_64_TO_32_BIT_CONVERSION = YES;
				GCC_WARN_ABOUT_RETURN_TYPE = YES_ERROR;
				GCC_WARN_UNDECLARED_SELECTOR = YES;
				GCC_WARN_UNINITIALIZED_AUTOS = YES_AGGRESSIVE;
				GCC_WARN_UNUSED_FUNCTION = YES;
				GCC_WARN_UNUSED_VARIABLE = YES;
				IPHONEOS_DEPLOYMENT_TARGET = 14.5;
				MTL_ENABLE_DEBUG_INFO = INCLUDE_SOURCE;
				MTL_FAST_MATH = YES;
				ONLY_ACTIVE_ARCH = YES;
				SDKROOT = iphoneos;
				SWIFT_ACTIVE_COMPILATION_CONDITIONS = DEBUG;
				SWIFT_OPTIMIZATION_LEVEL = "-Onone";
			};
			name = Debug;
		};
		6AA3A56F26D8B4FC00CA03F3 /* Release */ = {
			isa = XCBuildConfiguration;
			buildSettings = {
				ALWAYS_SEARCH_USER_PATHS = NO;
				CLANG_ANALYZER_NONNULL = YES;
				CLANG_ANALYZER_NUMBER_OBJECT_CONVERSION = YES_AGGRESSIVE;
				CLANG_CXX_LANGUAGE_STANDARD = "gnu++14";
				CLANG_CXX_LIBRARY = "libc++";
				CLANG_ENABLE_MODULES = YES;
				CLANG_ENABLE_OBJC_ARC = YES;
				CLANG_ENABLE_OBJC_WEAK = YES;
				CLANG_WARN_BLOCK_CAPTURE_AUTORELEASING = YES;
				CLANG_WARN_BOOL_CONVERSION = YES;
				CLANG_WARN_COMMA = YES;
				CLANG_WARN_CONSTANT_CONVERSION = YES;
				CLANG_WARN_DEPRECATED_OBJC_IMPLEMENTATIONS = YES;
				CLANG_WARN_DIRECT_OBJC_ISA_USAGE = YES_ERROR;
				CLANG_WARN_DOCUMENTATION_COMMENTS = YES;
				CLANG_WARN_EMPTY_BODY = YES;
				CLANG_WARN_ENUM_CONVERSION = YES;
				CLANG_WARN_INFINITE_RECURSION = YES;
				CLANG_WARN_INT_CONVERSION = YES;
				CLANG_WARN_NON_LITERAL_NULL_CONVERSION = YES;
				CLANG_WARN_OBJC_IMPLICIT_RETAIN_SELF = YES;
				CLANG_WARN_OBJC_LITERAL_CONVERSION = YES;
				CLANG_WARN_OBJC_ROOT_CLASS = YES_ERROR;
				CLANG_WARN_QUOTED_INCLUDE_IN_FRAMEWORK_HEADER = YES;
				CLANG_WARN_RANGE_LOOP_ANALYSIS = YES;
				CLANG_WARN_STRICT_PROTOTYPES = YES;
				CLANG_WARN_SUSPICIOUS_MOVE = YES;
				CLANG_WARN_UNGUARDED_AVAILABILITY = YES_AGGRESSIVE;
				CLANG_WARN_UNREACHABLE_CODE = YES;
				CLANG_WARN__DUPLICATE_METHOD_MATCH = YES;
				COPY_PHASE_STRIP = NO;
				DEBUG_INFORMATION_FORMAT = "dwarf-with-dsym";
				ENABLE_NS_ASSERTIONS = NO;
				ENABLE_STRICT_OBJC_MSGSEND = YES;
				GCC_C_LANGUAGE_STANDARD = gnu11;
				GCC_NO_COMMON_BLOCKS = YES;
				GCC_WARN_64_TO_32_BIT_CONVERSION = YES;
				GCC_WARN_ABOUT_RETURN_TYPE = YES_ERROR;
				GCC_WARN_UNDECLARED_SELECTOR = YES;
				GCC_WARN_UNINITIALIZED_AUTOS = YES_AGGRESSIVE;
				GCC_WARN_UNUSED_FUNCTION = YES;
				GCC_WARN_UNUSED_VARIABLE = YES;
				IPHONEOS_DEPLOYMENT_TARGET = 14.5;
				MTL_ENABLE_DEBUG_INFO = NO;
				MTL_FAST_MATH = YES;
				SDKROOT = iphoneos;
				SWIFT_COMPILATION_MODE = wholemodule;
				SWIFT_OPTIMIZATION_LEVEL = "-O";
				VALIDATE_PRODUCT = YES;
			};
			name = Release;
		};
		6AA3A57126D8B4FC00CA03F3 /* Debug */ = {
			isa = XCBuildConfiguration;
			baseConfigurationReference = 497700A6940CC66917DA3AE0 /* Pods-GOOUT.debug.xcconfig */;
			buildSettings = {
				ASSETCATALOG_COMPILER_APPICON_NAME = AppIcon;
				ASSETCATALOG_COMPILER_GLOBAL_ACCENT_COLOR_NAME = AccentColor;
				CODE_SIGN_STYLE = Automatic;
				DEVELOPMENT_TEAM = Q25U65UWAP;
				INFOPLIST_FILE = GOOUT/Info.plist;
				LD_RUNPATH_SEARCH_PATHS = (
					"$(inherited)",
					"@executable_path/Frameworks",
				);
				PRODUCT_BUNDLE_IDENTIFIER = com.app.GOOUT;
				PRODUCT_NAME = "$(TARGET_NAME)";
				SWIFT_VERSION = 5.0;
				TARGETED_DEVICE_FAMILY = "1,2";
			};
			name = Debug;
		};
		6AA3A57226D8B4FC00CA03F3 /* Release */ = {
			isa = XCBuildConfiguration;
			baseConfigurationReference = F2FFB1C4F6341B178C5D1896 /* Pods-GOOUT.release.xcconfig */;
			buildSettings = {
				ASSETCATALOG_COMPILER_APPICON_NAME = AppIcon;
				ASSETCATALOG_COMPILER_GLOBAL_ACCENT_COLOR_NAME = AccentColor;
				CODE_SIGN_STYLE = Automatic;
				DEVELOPMENT_TEAM = Q25U65UWAP;
				INFOPLIST_FILE = GOOUT/Info.plist;
				LD_RUNPATH_SEARCH_PATHS = (
					"$(inherited)",
					"@executable_path/Frameworks",
				);
				PRODUCT_BUNDLE_IDENTIFIER = com.app.GOOUT;
				PRODUCT_NAME = "$(TARGET_NAME)";
				SWIFT_VERSION = 5.0;
				TARGETED_DEVICE_FAMILY = "1,2";
			};
			name = Release;
		};
/* End XCBuildConfiguration section */

/* Begin XCConfigurationList section */
		6AA3A55726D8B4FA00CA03F3 /* Build configuration list for PBXProject "GOOUT" */ = {
			isa = XCConfigurationList;
			buildConfigurations = (
				6AA3A56E26D8B4FC00CA03F3 /* Debug */,
				6AA3A56F26D8B4FC00CA03F3 /* Release */,
			);
			defaultConfigurationIsVisible = 0;
			defaultConfigurationName = Release;
		};
		6AA3A57026D8B4FC00CA03F3 /* Build configuration list for PBXNativeTarget "GOOUT" */ = {
			isa = XCConfigurationList;
			buildConfigurations = (
				6AA3A57126D8B4FC00CA03F3 /* Debug */,
				6AA3A57226D8B4FC00CA03F3 /* Release */,
			);
			defaultConfigurationIsVisible = 0;
			defaultConfigurationName = Release;
		};
/* End XCConfigurationList section */
	};
	rootObject = 6AA3A55426D8B4FA00CA03F3 /* Project object */;
}
